{
  "name": "deep-framework",
  "version": "1.12.36",
  "dependencies": {
    "amazon-cognito-js": {
      "version": "1.0.0",
      "from": "mitocgroup/amazon-cognito-js",
      "resolved": "git://github.com/mitocgroup/amazon-cognito-js.git#2e5e68bdc82487b8a85351733a59108e04324d81"
    },
    "ansi-regex": {
      "version": "2.1.1",
      "from": "ansi-regex@>=2.0.0 <3.0.0",
      "resolved": "https://registry.npmjs.org/ansi-regex/-/ansi-regex-2.1.1.tgz"
    },
    "ansi-styles": {
      "version": "2.2.1",
      "from": "ansi-styles@>=2.2.1 <3.0.0",
      "resolved": "https://registry.npmjs.org/ansi-styles/-/ansi-styles-2.2.1.tgz"
    },
    "asap": {
      "version": "2.0.5",
      "from": "asap@>=2.0.3 <2.1.0",
      "resolved": "https://registry.npmjs.org/asap/-/asap-2.0.5.tgz"
    },
    "async": {
      "version": "1.0.0",
      "from": "async@>=1.0.0 <1.1.0",
      "resolved": "https://registry.npmjs.org/async/-/async-1.0.0.tgz"
    },
    "async-listener": {
      "version": "0.6.5",
      "from": "async-listener@>=0.6.0 <0.7.0",
      "resolved": "https://registry.npmjs.org/async-listener/-/async-listener-0.6.5.tgz"
    },
    "asynckit": {
      "version": "0.4.0",
      "from": "asynckit@>=0.4.0 <0.5.0",
      "resolved": "https://registry.npmjs.org/asynckit/-/asynckit-0.4.0.tgz"
    },
    "aws-sdk": {
      "version": "2.58.0",
      "from": "aws-sdk@>=2.1.17 <3.0.0",
      "resolved": "https://registry.npmjs.org/aws-sdk/-/aws-sdk-2.58.0.tgz"
    },
    "aws-xray-sdk-core": {
      "version": "1.1.0",
      "from": "mitocgroup/aws-xray-sdk-core",
      "resolved": "git://github.com/mitocgroup/aws-xray-sdk-core.git#ce6230477141f57f60ae6ea616e49c71f7153df0"
    },
    "aws4": {
      "version": "1.6.0",
      "from": "aws4@>=1.6.0 <2.0.0",
      "resolved": "https://registry.npmjs.org/aws4/-/aws4-1.6.0.tgz"
    },
    "base64-js": {
      "version": "1.2.0",
      "from": "base64-js@>=1.0.2 <2.0.0",
      "resolved": "https://registry.npmjs.org/base64-js/-/base64-js-1.2.0.tgz"
    },
    "bluebird": {
      "version": "2.11.0",
      "from": "bluebird@>=2.9.34 <3.0.0",
      "resolved": "https://registry.npmjs.org/bluebird/-/bluebird-2.11.0.tgz"
    },
    "bottlejs": {
      "version": "1.6.1",
      "from": "bottlejs@>=1.0.0 <2.0.0",
      "resolved": "https://registry.npmjs.org/bottlejs/-/bottlejs-1.6.1.tgz"
    },
    "buffer": {
      "version": "5.0.6",
      "from": "buffer@5.0.6",
      "resolved": "https://registry.npmjs.org/buffer/-/buffer-5.0.6.tgz"
    },
    "buffer-shims": {
      "version": "1.0.0",
      "from": "buffer-shims@>=1.0.0 <1.1.0",
      "resolved": "https://registry.npmjs.org/buffer-shims/-/buffer-shims-1.0.0.tgz"
    },
    "bunyan": {
      "version": "1.5.1",
      "from": "bunyan@>=1.5.0 <1.6.0",
      "resolved": "https://registry.npmjs.org/bunyan/-/bunyan-1.5.1.tgz"
    },
    "chalk": {
      "version": "1.1.3",
      "from": "chalk@>=1.0.0 <2.0.0",
      "resolved": "https://registry.npmjs.org/chalk/-/chalk-1.1.3.tgz"
    },
    "clientjs": {
      "version": "1.0.0-rc.1",
      "from": "mitocgroup/clientjs#v1.0.0-rc.1",
      "resolved": "git://github.com/mitocgroup/clientjs.git#94647b2fad9e185827ce04b7d3d5672cdb0c33e1"
    },
    "colors": {
      "version": "1.0.3",
      "from": "colors@>=1.0.0 <1.1.0",
      "resolved": "https://registry.npmjs.org/colors/-/colors-1.0.3.tgz"
    },
    "combined-stream": {
      "version": "1.0.5",
      "from": "combined-stream@>=1.0.5 <2.0.0",
      "resolved": "https://registry.npmjs.org/combined-stream/-/combined-stream-1.0.5.tgz"
    },
    "component-emitter": {
      "version": "1.2.1",
      "from": "component-emitter@>=1.2.0 <2.0.0",
      "resolved": "https://registry.npmjs.org/component-emitter/-/component-emitter-1.2.1.tgz"
    },
    "continuation-local-storage": {
      "version": "3.2.0",
      "from": "continuation-local-storage@>=3.2.0 <4.0.0",
      "resolved": "https://registry.npmjs.org/continuation-local-storage/-/continuation-local-storage-3.2.0.tgz"
    },
    "cookie": {
      "version": "0.1.0",
      "from": "cookie@0.1.0",
      "resolved": "https://registry.npmjs.org/cookie/-/cookie-0.1.0.tgz"
    },
    "cookiejar": {
      "version": "2.1.1",
      "from": "cookiejar@>=2.0.6 <3.0.0",
      "resolved": "https://registry.npmjs.org/cookiejar/-/cookiejar-2.1.1.tgz"
    },
    "core-util-is": {
      "version": "1.0.2",
      "from": "core-util-is@>=1.0.0 <1.1.0",
      "resolved": "https://registry.npmjs.org/core-util-is/-/core-util-is-1.0.2.tgz"
    },
    "crypto-browserify": {
      "version": "1.0.9",
      "from": "crypto-browserify@1.0.9",
      "resolved": "https://registry.npmjs.org/crypto-browserify/-/crypto-browserify-1.0.9.tgz"
    },
    "cycle": {
      "version": "1.0.3",
      "from": "cycle@>=1.0.0 <1.1.0",
      "resolved": "https://registry.npmjs.org/cycle/-/cycle-1.0.3.tgz"
    },
    "debug": {
      "version": "2.6.8",
      "from": "debug@>=2.2.0 <3.0.0",
      "resolved": "https://registry.npmjs.org/debug/-/debug-2.6.8.tgz"
    },
    "deep-asset": {
      "version": "1.12.11",
      "from": "deep-asset@>=1.0.0 <2.0.0",
      "resolved": "https://registry.npmjs.org/deep-asset/-/deep-asset-1.12.11.tgz"
    },
    "deep-cache": {
      "version": "1.12.10",
      "from": "deep-cache@>=1.0.0 <2.0.0",
      "resolved": "https://registry.npmjs.org/deep-cache/-/deep-cache-1.12.10.tgz"
    },
    "deep-core": {
      "version": "1.12.18",
      "from": "deep-core@>=1.0.0 <2.0.0",
      "resolved": "https://registry.npmjs.org/deep-core/-/deep-core-1.12.18.tgz"
    },
    "deep-db": {
      "version": "1.12.19",
      "from": "deep-db@>=1.0.0 <2.0.0",
      "resolved": "https://registry.npmjs.org/deep-db/-/deep-db-1.12.19.tgz"
    },
    "deep-di": {
      "version": "1.12.10",
      "from": "deep-di@>=1.0.0 <2.0.0",
      "resolved": "https://registry.npmjs.org/deep-di/-/deep-di-1.12.10.tgz"
    },
    "deep-event": {
      "version": "1.12.10",
      "from": "deep-event@>=1.0.0 <2.0.0",
      "resolved": "https://registry.npmjs.org/deep-event/-/deep-event-1.12.10.tgz"
    },
    "deep-fs": {
      "version": "1.12.10",
      "from": "deep-fs@>=1.0.0 <2.0.0",
      "resolved": "https://registry.npmjs.org/deep-fs/-/deep-fs-1.12.10.tgz"
    },
    "deep-kernel": {
      "version": "1.12.13",
      "from": "deep-kernel@>=1.0.0 <2.0.0",
      "resolved": "https://registry.npmjs.org/deep-kernel/-/deep-kernel-1.12.13.tgz"
    },
    "deep-log": {
      "version": "1.12.14",
      "from": "deep-log@>=1.0.0 <2.0.0",
      "resolved": "https://registry.npmjs.org/deep-log/-/deep-log-1.12.14.tgz"
    },
    "deep-notification": {
      "version": "1.12.10",
      "from": "deep-notification@>=1.0.0 <2.0.0",
      "resolved": "https://registry.npmjs.org/deep-notification/-/deep-notification-1.12.10.tgz"
    },
    "deep-resource": {
      "version": "1.12.18",
      "from": "deep-resource@>=1.0.0 <2.0.0",
      "resolved": "https://registry.npmjs.org/deep-resource/-/deep-resource-1.12.18.tgz",
      "dependencies": {
        "qs": {
          "version": "6.4.0",
          "from": "qs@>=6.4.0 <7.0.0",
          "resolved": "https://registry.npmjs.org/qs/-/qs-6.4.0.tgz"
        }
      }
    },
    "deep-search": {
      "version": "0.4.17",
      "from": "deep-search@>=0.0.0 <1.0.0",
      "resolved": "https://registry.npmjs.org/deep-search/-/deep-search-0.4.17.tgz"
    },
    "deep-security": {
      "version": "1.12.15",
      "from": "deep-security@>=1.0.0 <2.0.0",
      "resolved": "https://registry.npmjs.org/deep-security/-/deep-security-1.12.15.tgz"
    },
    "deep-validation": {
      "version": "1.12.13",
      "from": "deep-validation@>=1.0.0 <2.0.0",
      "resolved": "https://registry.npmjs.org/deep-validation/-/deep-validation-1.12.13.tgz"
    },
    "delayed-stream": {
      "version": "1.0.0",
      "from": "delayed-stream@>=1.0.0 <1.1.0",
      "resolved": "https://registry.npmjs.org/delayed-stream/-/delayed-stream-1.0.0.tgz"
    },
    "double-ended-queue": {
      "version": "2.1.0-0",
      "from": "double-ended-queue@>=2.1.0-0 <3.0.0",
      "resolved": "https://registry.npmjs.org/double-ended-queue/-/double-ended-queue-2.1.0-0.tgz"
    },
    "dynamodb-throughput": {
      "version": "0.2.0",
      "from": "dynamodb-throughput@>=0.2.0 <0.3.0",
      "resolved": "https://registry.npmjs.org/dynamodb-throughput/-/dynamodb-throughput-0.2.0.tgz"
    },
    "ecad": {
      "version": "0.2.0",
      "from": "ecad@>=0.2.0 <0.3.0",
      "resolved": "https://registry.npmjs.org/ecad/-/ecad-0.2.0.tgz"
    },
    "elasticsearch": {
      "version": "12.1.3",
      "from": "elasticsearch@>=12.1.0 <13.0.0",
      "resolved": "https://registry.npmjs.org/elasticsearch/-/elasticsearch-12.1.3.tgz",
      "dependencies": {
        "lodash": {
          "version": "4.17.4",
          "from": "lodash@>=4.12.0 <5.0.0",
          "resolved": "https://registry.npmjs.org/lodash/-/lodash-4.17.4.tgz"
        }
      }
    },
    "emitter-listener": {
      "version": "1.0.1",
      "from": "emitter-listener@>=1.0.1 <2.0.0",
      "resolved": "https://registry.npmjs.org/emitter-listener/-/emitter-listener-1.0.1.tgz",
      "dependencies": {
        "shimmer": {
          "version": "1.0.0",
          "from": "shimmer@1.0.0",
          "resolved": "https://registry.npmjs.org/shimmer/-/shimmer-1.0.0.tgz"
        }
      }
    },
    "es6-promise": {
      "version": "3.3.1",
      "from": "es6-promise@>=3.0.0 <4.0.0",
      "resolved": "https://registry.npmjs.org/es6-promise/-/es6-promise-3.3.1.tgz"
    },
    "escape-string-regexp": {
      "version": "1.0.5",
      "from": "escape-string-regexp@>=1.0.2 <2.0.0",
      "resolved": "https://registry.npmjs.org/escape-string-regexp/-/escape-string-regexp-1.0.5.tgz"
    },
    "extend": {
      "version": "3.0.1",
      "from": "extend@>=3.0.0 <4.0.0",
      "resolved": "https://registry.npmjs.org/extend/-/extend-3.0.1.tgz"
    },
    "eyes": {
      "version": "0.1.8",
      "from": "eyes@>=0.1.0 <0.2.0",
      "resolved": "https://registry.npmjs.org/eyes/-/eyes-0.1.8.tgz"
    },
    "flexbuffer": {
      "version": "0.0.6",
      "from": "flexbuffer@0.0.6",
      "resolved": "https://registry.npmjs.org/flexbuffer/-/flexbuffer-0.0.6.tgz"
    },
    "forever-agent": {
      "version": "0.6.1",
      "from": "forever-agent@>=0.6.0 <0.7.0",
      "resolved": "https://registry.npmjs.org/forever-agent/-/forever-agent-0.6.1.tgz"
    },
    "form-data": {
      "version": "2.1.4",
      "from": "form-data@>=2.1.1 <3.0.0",
      "resolved": "https://registry.npmjs.org/form-data/-/form-data-2.1.4.tgz"
    },
    "formidable": {
      "version": "1.1.1",
      "from": "formidable@>=1.1.1 <2.0.0",
      "resolved": "https://registry.npmjs.org/formidable/-/formidable-1.1.1.tgz"
    },
    "has-ansi": {
      "version": "2.0.0",
      "from": "has-ansi@>=2.0.0 <3.0.0",
      "resolved": "https://registry.npmjs.org/has-ansi/-/has-ansi-2.0.0.tgz"
    },
    "hoek": {
      "version": "2.16.3",
      "from": "hoek@>=2.2.0 <3.0.0",
      "resolved": "https://registry.npmjs.org/hoek/-/hoek-2.16.3.tgz"
    },
    "ieee754": {
      "version": "1.1.8",
      "from": "ieee754@>=1.1.4 <2.0.0",
      "resolved": "https://registry.npmjs.org/ieee754/-/ieee754-1.1.8.tgz"
    },
    "inherits": {
      "version": "2.0.3",
      "from": "inherits@>=2.0.0 <3.0.0",
      "resolved": "https://registry.npmjs.org/inherits/-/inherits-2.0.3.tgz"
    },
    "ioredis": {
      "version": "1.15.1",
      "from": "ioredis@>=1.5.0 <2.0.0",
      "resolved": "https://registry.npmjs.org/ioredis/-/ioredis-1.15.1.tgz"
    },
    "isarray": {
      "version": "1.0.0",
      "from": "isarray@>=1.0.0 <1.1.0",
      "resolved": "https://registry.npmjs.org/isarray/-/isarray-1.0.0.tgz"
    },
    "isemail": {
      "version": "1.2.0",
      "from": "isemail@>=1.0.0 <2.0.0",
      "resolved": "https://registry.npmjs.org/isemail/-/isemail-1.2.0.tgz"
    },
    "isstream": {
      "version": "0.1.2",
      "from": "isstream@>=0.1.0 <0.2.0",
      "resolved": "https://registry.npmjs.org/isstream/-/isstream-0.1.2.tgz"
    },
    "jmespath": {
      "version": "0.15.0",
      "from": "jmespath@0.15.0",
      "resolved": "https://registry.npmjs.org/jmespath/-/jmespath-0.15.0.tgz"
    },
    "joi": {
      "version": "5.1.0",
      "from": "joi@>=5.0.0 <6.0.0",
      "resolved": "https://registry.npmjs.org/joi/-/joi-5.1.0.tgz"
    },
    "lodash": {
      "version": "3.10.1",
      "from": "lodash@>=3.6.0 <4.0.0",
      "resolved": "https://registry.npmjs.org/lodash/-/lodash-3.10.1.tgz"
    },
    "lsmod": {
      "version": "0.0.3",
      "from": "lsmod@>=0.0.3 <0.1.0",
      "resolved": "https://registry.npmjs.org/lsmod/-/lsmod-0.0.3.tgz"
    },
    "methods": {
      "version": "1.1.2",
      "from": "methods@>=1.1.1 <2.0.0",
      "resolved": "https://registry.npmjs.org/methods/-/methods-1.1.2.tgz"
    },
    "mime": {
      "version": "1.3.6",
      "from": "mime@>=1.3.4 <2.0.0",
      "resolved": "https://registry.npmjs.org/mime/-/mime-1.3.6.tgz"
    },
    "mime-db": {
      "version": "1.27.0",
      "from": "mime-db@>=1.27.0 <1.28.0",
      "resolved": "https://registry.npmjs.org/mime-db/-/mime-db-1.27.0.tgz"
    },
    "mime-types": {
      "version": "2.1.15",
      "from": "mime-types@>=2.1.12 <3.0.0",
      "resolved": "https://registry.npmjs.org/mime-types/-/mime-types-2.1.15.tgz"
    },
    "minimist": {
      "version": "1.2.0",
      "from": "minimist@>=1.1.1 <2.0.0",
      "resolved": "https://registry.npmjs.org/minimist/-/minimist-1.2.0.tgz"
    },
    "moment": {
      "version": "2.18.1",
      "from": "moment@>=2.15.2 <3.0.0",
      "resolved": "https://registry.npmjs.org/moment/-/moment-2.18.1.tgz"
    },
    "ms": {
      "version": "2.0.0",
      "from": "ms@2.0.0",
      "resolved": "https://registry.npmjs.org/ms/-/ms-2.0.0.tgz"
    },
    "process-nextick-args": {
      "version": "1.0.7",
      "from": "process-nextick-args@>=1.0.6 <1.1.0",
      "resolved": "https://registry.npmjs.org/process-nextick-args/-/process-nextick-args-1.0.7.tgz"
    },
    "promise": {
      "version": "7.1.1",
      "from": "promise@>=7.1.1 <8.0.0",
      "resolved": "https://registry.npmjs.org/promise/-/promise-7.1.1.tgz"
    },
    "punycode": {
      "version": "1.3.2",
      "from": "punycode@1.3.2",
      "resolved": "https://registry.npmjs.org/punycode/-/punycode-1.3.2.tgz"
    },
    "qs": {
      "version": "5.2.1",
      "from": "qs@>=5.2.0 <6.0.0",
      "resolved": "https://registry.npmjs.org/qs/-/qs-5.2.1.tgz"
    },
    "querystring": {
      "version": "0.2.0",
      "from": "querystring@0.2.0",
      "resolved": "https://registry.npmjs.org/querystring/-/querystring-0.2.0.tgz"
    },
    "querystringify": {
      "version": "1.0.0",
      "from": "querystringify@>=1.0.0 <1.1.0",
      "resolved": "https://registry.npmjs.org/querystringify/-/querystringify-1.0.0.tgz"
    },
    "raven": {
      "version": "0.7.3",
      "from": "raven@>=0.7.0 <0.8.0",
      "resolved": "https://registry.npmjs.org/raven/-/raven-0.7.3.tgz",
      "dependencies": {
        "node-uuid": {
          "version": "1.4.8",
          "from": "node-uuid@>=1.4.1 <1.5.0",
          "resolved": "https://registry.npmjs.org/node-uuid/-/node-uuid-1.4.8.tgz"
        },
        "stack-trace": {
          "version": "0.0.7",
          "from": "stack-trace@0.0.7",
          "resolved": "https://registry.npmjs.org/stack-trace/-/stack-trace-0.0.7.tgz"
        }
      }
    },
    "readable-stream": {
      "version": "2.2.9",
      "from": "readable-stream@>=2.0.5 <3.0.0",
      "resolved": "https://registry.npmjs.org/readable-stream/-/readable-stream-2.2.9.tgz"
    },
    "requires-port": {
      "version": "1.0.0",
      "from": "requires-port@>=1.0.0 <1.1.0",
      "resolved": "https://registry.npmjs.org/requires-port/-/requires-port-1.0.0.tgz"
    },
    "retry": {
      "version": "0.6.0",
      "from": "retry@0.6.0",
      "resolved": "https://registry.npmjs.org/retry/-/retry-0.6.0.tgz"
    },
    "s3fs": {
      "version": "2.4.0",
      "from": "mitocgroup/s3fs",
      "resolved": "git://github.com/mitocgroup/s3fs.git#306c7b5e968ada4b4d7062dcdb3113f4e48c4c27"
    },
    "safe-buffer": {
      "version": "5.0.1",
      "from": "safe-buffer@>=5.0.1 <6.0.0",
      "resolved": "https://registry.npmjs.org/safe-buffer/-/safe-buffer-5.0.1.tgz"
    },
    "sax": {
      "version": "1.2.1",
      "from": "sax@1.2.1",
      "resolved": "https://registry.npmjs.org/sax/-/sax-1.2.1.tgz"
    },
    "semver": {
      "version": "5.3.0",
      "from": "semver@>=5.3.0 <6.0.0",
      "resolved": "https://registry.npmjs.org/semver/-/semver-5.3.0.tgz"
    },
    "shimmer": {
      "version": "1.1.0",
      "from": "shimmer@>=1.1.0 <2.0.0",
      "resolved": "https://registry.npmjs.org/shimmer/-/shimmer-1.1.0.tgz"
    },
    "stack-trace": {
      "version": "0.0.10",
      "from": "stack-trace@>=0.0.0 <0.1.0",
      "resolved": "https://registry.npmjs.org/stack-trace/-/stack-trace-0.0.10.tgz"
    },
    "step": {
      "version": "0.0.5",
      "from": "step@0.0.5",
      "resolved": "https://registry.npmjs.org/step/-/step-0.0.5.tgz"
    },
    "string_decoder": {
      "version": "1.0.1",
      "from": "string_decoder@>=1.0.0 <1.1.0",
      "resolved": "https://registry.npmjs.org/string_decoder/-/string_decoder-1.0.1.tgz"
    },
    "strip-ansi": {
      "version": "3.0.1",
      "from": "strip-ansi@>=3.0.0 <4.0.0",
      "resolved": "https://registry.npmjs.org/strip-ansi/-/strip-ansi-3.0.1.tgz"
    },
    "superagent": {
      "version": "3.5.2",
      "from": "superagent@>=3.5.0 <4.0.0",
      "resolved": "https://registry.npmjs.org/superagent/-/superagent-3.5.2.tgz",
      "dependencies": {
        "qs": {
          "version": "6.4.0",
          "from": "qs@>=6.1.0 <7.0.0",
          "resolved": "https://registry.npmjs.org/qs/-/qs-6.4.0.tgz"
        }
      }
    },
    "supports-color": {
      "version": "2.0.0",
      "from": "supports-color@>=2.0.0 <3.0.0",
      "resolved": "https://registry.npmjs.org/supports-color/-/supports-color-2.0.0.tgz"
    },
    "topo": {
      "version": "1.1.0",
      "from": "topo@>=1.0.0 <2.0.0",
      "resolved": "https://registry.npmjs.org/topo/-/topo-1.1.0.tgz"
    },
    "underscore": {
      "version": "1.8.3",
      "from": "underscore@>=1.8.3 <2.0.0",
      "resolved": "https://registry.npmjs.org/underscore/-/underscore-1.8.3.tgz"
    },
    "url": {
      "version": "0.10.3",
      "from": "url@0.10.3",
      "resolved": "https://registry.npmjs.org/url/-/url-0.10.3.tgz"
    },
    "url-parse": {
      "version": "1.1.9",
      "from": "url-parse@>=1.1.0 <2.0.0",
      "resolved": "https://registry.npmjs.org/url-parse/-/url-parse-1.1.9.tgz"
    },
    "util-deprecate": {
      "version": "1.0.2",
      "from": "util-deprecate@>=1.0.1 <1.1.0",
      "resolved": "https://registry.npmjs.org/util-deprecate/-/util-deprecate-1.0.2.tgz"
    },
    "uuid": {
      "version": "3.0.1",
      "from": "uuid@>=3.0.0 <3.1.0",
      "resolved": "https://registry.npmjs.org/uuid/-/uuid-3.0.1.tgz"
    },
    "vogels": {
      "version": "2.2.0",
      "from": "mitocgroup/vogels#v2.2.0",
      "resolved": "git://github.com/mitocgroup/vogels.git#dff8d9143cb2300e28427bddb35497c101fb5c23",
      "dependencies": {
        "async": {
          "version": "1.5.2",
          "from": "async@>=1.5.0 <1.6.0",
          "resolved": "https://registry.npmjs.org/async/-/async-1.5.2.tgz"
        }
      }
    },
    "wait-until": {
      "version": "0.0.2",
      "from": "wait-until@>=0.0.0 <0.1.0",
      "resolved": "https://registry.npmjs.org/wait-until/-/wait-until-0.0.2.tgz"
    },
    "winston": {
      "version": "2.3.1",
      "from": "winston@>=2.2.0 <3.0.0",
      "resolved": "https://registry.npmjs.org/winston/-/winston-2.3.1.tgz"
    },
    "xml2js": {
      "version": "0.4.17",
      "from": "xml2js@0.4.17",
      "resolved": "https://registry.npmjs.org/xml2js/-/xml2js-0.4.17.tgz"
    },
    "xmlbuilder": {
      "version": "4.2.1",
      "from": "xmlbuilder@4.2.1",
      "resolved": "https://registry.npmjs.org/xmlbuilder/-/xmlbuilder-4.2.1.tgz",
      "dependencies": {
        "lodash": {
          "version": "4.17.4",
          "from": "lodash@>=4.0.0 <5.0.0",
          "resolved": "https://registry.npmjs.org/lodash/-/lodash-4.17.4.tgz"
        }
      }
    }
  }
}
