{
  "name": "deep-resource",
  "version": "1.12.18",
  "dependencies": {
    "asynckit": {
      "version": "0.4.0",
      "from": "asynckit@>=0.4.0 <0.5.0",
      "resolved": "https://registry.npmjs.org/asynckit/-/asynckit-0.4.0.tgz"
    },
    "aws4": {
      "version": "1.6.0",
      "from": "aws4@>=1.6.0 <2.0.0",
      "resolved": "https://registry.npmjs.org/aws4/-/aws4-1.6.0.tgz"
    },
    "bottlejs": {
      "version": "1.6.1",
      "from": "bottlejs@>=1.0.0 <2.0.0",
      "resolved": "https://registry.npmjs.org/bottlejs/-/bottlejs-1.6.1.tgz"
    },
    "buffer-shims": {
      "version": "1.0.0",
      "from": "buffer-shims@>=1.0.0 <1.1.0",
      "resolved": "https://registry.npmjs.org/buffer-shims/-/buffer-shims-1.0.0.tgz"
    },
    "combined-stream": {
      "version": "1.0.5",
      "from": "combined-stream@>=1.0.5 <2.0.0",
      "resolved": "https://registry.npmjs.org/combined-stream/-/combined-stream-1.0.5.tgz"
    },
    "component-emitter": {
      "version": "1.2.1",
      "from": "component-emitter@>=1.2.0 <2.0.0",
      "resolved": "https://registry.npmjs.org/component-emitter/-/component-emitter-1.2.1.tgz"
    },
    "cookiejar": {
      "version": "2.1.1",
      "from": "cookiejar@>=2.0.6 <3.0.0",
      "resolved": "https://registry.npmjs.org/cookiejar/-/cookiejar-2.1.1.tgz"
    },
    "core-util-is": {
      "version": "1.0.2",
      "from": "core-util-is@>=1.0.0 <1.1.0",
      "resolved": "https://registry.npmjs.org/core-util-is/-/core-util-is-1.0.2.tgz"
    },
    "debug": {
      "version": "2.6.8",
      "from": "debug@>=2.2.0 <3.0.0",
      "resolved": "https://registry.npmjs.org/debug/-/debug-2.6.8.tgz"
    },
    "deep-core": {
      "version": "1.12.18",
      "from": "deep-core@>=1.0.0 <2.0.0",
      "resolved": "https://registry.npmjs.org/deep-core/-/deep-core-1.12.18.tgz",
      "dependencies": {
        "qs": {
          "version": "5.2.1",
          "from": "qs@>=5.2.0 <6.0.0",
          "resolved": "https://registry.npmjs.org/qs/-/qs-5.2.1.tgz"
        }
      }
    },
    "deep-di": {
      "version": "1.12.10",
      "from": "deep-di@>=1.0.0 <2.0.0",
      "resolved": "https://registry.npmjs.org/deep-di/-/deep-di-1.12.10.tgz"
    },
    "deep-kernel": {
      "version": "1.12.13",
      "from": "deep-kernel@>=1.0.0 <2.0.0",
      "resolved": "https://registry.npmjs.org/deep-kernel/-/deep-kernel-1.12.13.tgz"
    },
    "delayed-stream": {
      "version": "1.0.0",
      "from": "delayed-stream@>=1.0.0 <1.1.0",
      "resolved": "https://registry.npmjs.org/delayed-stream/-/delayed-stream-1.0.0.tgz"
    },
    "extend": {
      "version": "3.0.1",
      "from": "extend@>=3.0.0 <4.0.0",
      "resolved": "https://registry.npmjs.org/extend/-/extend-3.0.1.tgz"
    },
    "form-data": {
      "version": "2.1.4",
      "from": "form-data@>=2.1.1 <3.0.0",
      "resolved": "https://registry.npmjs.org/form-data/-/form-data-2.1.4.tgz"
    },
    "formidable": {
      "version": "1.1.1",
      "from": "formidable@>=1.1.1 <2.0.0",
      "resolved": "https://registry.npmjs.org/formidable/-/formidable-1.1.1.tgz"
    },
    "inherits": {
      "version": "2.0.3",
      "from": "inherits@>=2.0.1 <2.1.0",
      "resolved": "https://registry.npmjs.org/inherits/-/inherits-2.0.3.tgz"
    },
    "isarray": {
      "version": "1.0.0",
      "from": "isarray@>=1.0.0 <1.1.0",
      "resolved": "https://registry.npmjs.org/isarray/-/isarray-1.0.0.tgz"
    },
    "methods": {
      "version": "1.1.2",
      "from": "methods@>=1.1.1 <2.0.0",
      "resolved": "https://registry.npmjs.org/methods/-/methods-1.1.2.tgz"
    },
    "mime": {
      "version": "1.3.6",
      "from": "mime@>=1.3.4 <2.0.0",
      "resolved": "https://registry.npmjs.org/mime/-/mime-1.3.6.tgz"
    },
    "mime-db": {
      "version": "1.27.0",
      "from": "mime-db@>=1.27.0 <1.28.0",
      "resolved": "https://registry.npmjs.org/mime-db/-/mime-db-1.27.0.tgz"
    },
    "mime-types": {
      "version": "2.1.15",
      "from": "mime-types@>=2.1.12 <3.0.0",
      "resolved": "https://registry.npmjs.org/mime-types/-/mime-types-2.1.15.tgz"
    },
    "ms": {
      "version": "2.0.0",
      "from": "ms@2.0.0",
      "resolved": "https://registry.npmjs.org/ms/-/ms-2.0.0.tgz"
    },
    "process-nextick-args": {
      "version": "1.0.7",
      "from": "process-nextick-args@>=1.0.6 <1.1.0",
      "resolved": "https://registry.npmjs.org/process-nextick-args/-/process-nextick-args-1.0.7.tgz"
    },
    "qs": {
      "version": "6.4.0",
      "from": "qs@>=6.4.0 <7.0.0",
      "resolved": "https://registry.npmjs.org/qs/-/qs-6.4.0.tgz"
    },
    "querystringify": {
      "version": "1.0.0",
      "from": "querystringify@>=1.0.0 <1.1.0",
      "resolved": "https://registry.npmjs.org/querystringify/-/querystringify-1.0.0.tgz"
    },
    "readable-stream": {
      "version": "2.2.9",
      "from": "readable-stream@>=2.0.5 <3.0.0",
      "resolved": "https://registry.npmjs.org/readable-stream/-/readable-stream-2.2.9.tgz"
    },
    "requires-port": {
      "version": "1.0.0",
      "from": "requires-port@>=1.0.0 <1.1.0",
      "resolved": "https://registry.npmjs.org/requires-port/-/requires-port-1.0.0.tgz"
    },
    "safe-buffer": {
      "version": "5.0.1",
      "from": "safe-buffer@>=5.0.1 <6.0.0",
      "resolved": "https://registry.npmjs.org/safe-buffer/-/safe-buffer-5.0.1.tgz"
    },
    "string_decoder": {
      "version": "1.0.1",
      "from": "string_decoder@>=1.0.0 <1.1.0",
      "resolved": "https://registry.npmjs.org/string_decoder/-/string_decoder-1.0.1.tgz"
    },
    "superagent": {
      "version": "3.5.2",
      "from": "superagent@>=3.5.0 <4.0.0",
      "resolved": "https://registry.npmjs.org/superagent/-/superagent-3.5.2.tgz"
    },
    "url-parse": {
      "version": "1.1.9",
      "from": "url-parse@>=1.1.0 <2.0.0",
      "resolved": "https://registry.npmjs.org/url-parse/-/url-parse-1.1.9.tgz"
    },
    "util-deprecate": {
      "version": "1.0.2",
      "from": "util-deprecate@>=1.0.1 <1.1.0",
      "resolved": "https://registry.npmjs.org/util-deprecate/-/util-deprecate-1.0.2.tgz"
    },
    "wait-until": {
      "version": "0.0.2",
      "from": "wait-until@>=0.0.0 <0.1.0",
      "resolved": "https://registry.npmjs.org/wait-until/-/wait-until-0.0.2.tgz"
    }
  }
}
