{
  "name": "deep-log",
  "version": "1.12.14",
  "dependencies": {
    "bottlejs": {
      "version": "1.6.1",
      "from": "bottlejs@>=1.0.0 <2.0.0",
      "resolved": "https://registry.npmjs.org/bottlejs/-/bottlejs-1.6.1.tgz"
    },
    "cookie": {
      "version": "0.1.0",
      "from": "cookie@0.1.0",
      "resolved": "https://registry.npmjs.org/cookie/-/cookie-0.1.0.tgz"
    },
    "deep-core": {
      "version": "1.12.18",
      "from": "deep-core@>=1.0.0 <2.0.0",
      "resolved": "https://registry.npmjs.org/deep-core/-/deep-core-1.12.18.tgz"
    },
    "deep-di": {
      "version": "1.12.10",
      "from": "deep-di@>=1.0.0 <2.0.0",
      "resolved": "https://registry.npmjs.org/deep-di/-/deep-di-1.12.10.tgz"
    },
    "deep-kernel": {
      "version": "1.12.13",
      "from": "deep-kernel@>=1.0.0 <2.0.0",
      "resolved": "https://registry.npmjs.org/deep-kernel/-/deep-kernel-1.12.13.tgz"
    },
    "hoek": {
      "version": "2.16.3",
      "from": "hoek@>=2.2.0 <3.0.0",
      "resolved": "https://registry.npmjs.org/hoek/-/hoek-2.16.3.tgz"
    },
    "isemail": {
      "version": "1.2.0",
      "from": "isemail@>=1.0.0 <2.0.0",
      "resolved": "https://registry.npmjs.org/isemail/-/isemail-1.2.0.tgz"
    },
    "joi": {
      "version": "5.1.0",
      "from": "joi@>=5.0.0 <6.0.0",
      "resolved": "https://registry.npmjs.org/joi/-/joi-5.1.0.tgz"
    },
    "lsmod": {
      "version": "0.0.3",
      "from": "lsmod@>=0.0.3 <0.1.0",
      "resolved": "https://registry.npmjs.org/lsmod/-/lsmod-0.0.3.tgz"
    },
    "moment": {
      "version": "2.18.1",
      "from": "moment@>=2.0.0 <3.0.0",
      "resolved": "https://registry.npmjs.org/moment/-/moment-2.18.1.tgz"
    },
    "node-uuid": {
      "version": "1.4.8",
      "from": "node-uuid@>=1.4.1 <1.5.0",
      "resolved": "https://registry.npmjs.org/node-uuid/-/node-uuid-1.4.8.tgz"
    },
    "qs": {
      "version": "5.2.1",
      "from": "qs@>=5.2.0 <6.0.0",
      "resolved": "https://registry.npmjs.org/qs/-/qs-5.2.1.tgz"
    },
    "raven": {
      "version": "0.7.3",
      "from": "raven@>=0.7.0 <0.8.0",
      "resolved": "https://registry.npmjs.org/raven/-/raven-0.7.3.tgz"
    },
    "stack-trace": {
      "version": "0.0.7",
      "from": "stack-trace@0.0.7",
      "resolved": "https://registry.npmjs.org/stack-trace/-/stack-trace-0.0.7.tgz"
    },
    "topo": {
      "version": "1.1.0",
      "from": "topo@>=1.0.0 <2.0.0",
      "resolved": "https://registry.npmjs.org/topo/-/topo-1.1.0.tgz"
    },
    "wait-until": {
      "version": "0.0.2",
      "from": "wait-until@>=0.0.0 <0.1.0",
      "resolved": "https://registry.npmjs.org/wait-until/-/wait-until-0.0.2.tgz"
    }
  }
}
