{
  "name": "deep-fs",
  "version": "1.12.10",
  "dependencies": {
    "bluebird": {
      "version": "2.11.0",
      "from": "bluebird@>=2.0.0 <3.0.0",
      "resolved": "https://registry.npmjs.org/bluebird/-/bluebird-2.11.0.tgz"
    },
    "bottlejs": {
      "version": "1.6.1",
      "from": "bottlejs@>=1.0.0 <2.0.0",
      "resolved": "https://registry.npmjs.org/bottlejs/-/bottlejs-1.6.1.tgz"
    },
    "deep-core": {
      "version": "1.12.18",
      "from": "deep-core@>=1.0.0 <2.0.0",
      "resolved": "https://registry.npmjs.org/deep-core/-/deep-core-1.12.18.tgz"
    },
    "deep-di": {
      "version": "1.12.10",
      "from": "deep-di@>=1.0.0 <2.0.0",
      "resolved": "https://registry.npmjs.org/deep-di/-/deep-di-1.12.10.tgz"
    },
    "deep-kernel": {
      "version": "1.12.13",
      "from": "deep-kernel@>=1.0.0 <2.0.0",
      "resolved": "https://registry.npmjs.org/deep-kernel/-/deep-kernel-1.12.13.tgz"
    },
    "es6-promise": {
      "version": "3.3.1",
      "from": "es6-promise@>=3.0.0 <4.0.0",
      "resolved": "https://registry.npmjs.org/es6-promise/-/es6-promise-3.3.1.tgz"
    },
    "extend": {
      "version": "3.0.1",
      "from": "extend@>=3.0.0 <4.0.0",
      "resolved": "https://registry.npmjs.org/extend/-/extend-3.0.1.tgz"
    },
    "qs": {
      "version": "5.2.1",
      "from": "qs@>=5.2.0 <6.0.0",
      "resolved": "https://registry.npmjs.org/qs/-/qs-5.2.1.tgz"
    },
    "s3fs": {
      "version": "2.4.0",
      "from": "mitocgroup/s3fs",
      "resolved": "git://github.com/mitocgroup/s3fs.git#306c7b5e968ada4b4d7062dcdb3113f4e48c4c27"
    },
    "wait-until": {
      "version": "0.0.2",
      "from": "wait-until@>=0.0.0 <0.1.0",
      "resolved": "https://registry.npmjs.org/wait-until/-/wait-until-0.0.2.tgz"
    }
  }
}
