{
  "name": "deep-cache",
  "version": "1.12.10",
  "dependencies": {
    "bluebird": {
      "version": "2.11.0",
      "from": "bluebird@>=2.9.34 <3.0.0",
      "resolved": "https://registry.npmjs.org/bluebird/-/bluebird-2.11.0.tgz"
    },
    "bottlejs": {
      "version": "1.6.1",
      "from": "bottlejs@>=1.0.0 <2.0.0",
      "resolved": "https://registry.npmjs.org/bottlejs/-/bottlejs-1.6.1.tgz"
    },
    "debug": {
      "version": "2.6.8",
      "from": "debug@>=2.2.0 <3.0.0",
      "resolved": "https://registry.npmjs.org/debug/-/debug-2.6.8.tgz"
    },
    "deep-core": {
      "version": "1.12.18",
      "from": "deep-core@>=1.0.0 <2.0.0",
      "resolved": "https://registry.npmjs.org/deep-core/-/deep-core-1.12.18.tgz"
    },
    "deep-di": {
      "version": "1.12.10",
      "from": "deep-di@>=1.0.0 <2.0.0",
      "resolved": "https://registry.npmjs.org/deep-di/-/deep-di-1.12.10.tgz"
    },
    "deep-kernel": {
      "version": "1.12.13",
      "from": "deep-kernel@>=1.0.0 <2.0.0",
      "resolved": "https://registry.npmjs.org/deep-kernel/-/deep-kernel-1.12.13.tgz"
    },
    "double-ended-queue": {
      "version": "2.1.0-0",
      "from": "double-ended-queue@>=2.1.0-0 <3.0.0",
      "resolved": "https://registry.npmjs.org/double-ended-queue/-/double-ended-queue-2.1.0-0.tgz"
    },
    "ecad": {
      "version": "0.2.0",
      "from": "ecad@>=0.2.0 <0.3.0",
      "resolved": "https://registry.npmjs.org/ecad/-/ecad-0.2.0.tgz"
    },
    "flexbuffer": {
      "version": "0.0.6",
      "from": "flexbuffer@0.0.6",
      "resolved": "https://registry.npmjs.org/flexbuffer/-/flexbuffer-0.0.6.tgz"
    },
    "ioredis": {
      "version": "1.15.1",
      "from": "ioredis@>=1.5.0 <2.0.0",
      "resolved": "https://registry.npmjs.org/ioredis/-/ioredis-1.15.1.tgz"
    },
    "lodash": {
      "version": "3.10.1",
      "from": "lodash@>=3.6.0 <4.0.0",
      "resolved": "https://registry.npmjs.org/lodash/-/lodash-3.10.1.tgz"
    },
    "ms": {
      "version": "2.0.0",
      "from": "ms@2.0.0",
      "resolved": "https://registry.npmjs.org/ms/-/ms-2.0.0.tgz"
    },
    "qs": {
      "version": "5.2.1",
      "from": "qs@>=5.2.0 <6.0.0",
      "resolved": "https://registry.npmjs.org/qs/-/qs-5.2.1.tgz"
    },
    "retry": {
      "version": "0.6.0",
      "from": "retry@0.6.0",
      "resolved": "https://registry.npmjs.org/retry/-/retry-0.6.0.tgz"
    },
    "step": {
      "version": "0.0.5",
      "from": "step@0.0.5",
      "resolved": "https://registry.npmjs.org/step/-/step-0.0.5.tgz"
    },
    "wait-until": {
      "version": "0.0.2",
      "from": "wait-until@>=0.0.0 <0.1.0",
      "resolved": "https://registry.npmjs.org/wait-until/-/wait-until-0.0.2.tgz"
    }
  }
}
