{
  "name": "deep-search",
  "version": "0.4.17",
  "dependencies": {
    "ansi-regex": {
      "version": "2.1.1",
      "from": "ansi-regex@>=2.0.0 <3.0.0",
      "resolved": "https://registry.npmjs.org/ansi-regex/-/ansi-regex-2.1.1.tgz"
    },
    "ansi-styles": {
      "version": "2.2.1",
      "from": "ansi-styles@>=2.2.1 <3.0.0",
      "resolved": "https://registry.npmjs.org/ansi-styles/-/ansi-styles-2.2.1.tgz"
    },
    "asap": {
      "version": "2.0.5",
      "from": "asap@>=2.0.3 <2.1.0",
      "resolved": "https://registry.npmjs.org/asap/-/asap-2.0.5.tgz"
    },
    "aws4": {
      "version": "1.6.0",
      "from": "aws4@>=1.6.0 <2.0.0",
      "resolved": "https://registry.npmjs.org/aws4/-/aws4-1.6.0.tgz"
    },
    "bottlejs": {
      "version": "1.6.1",
      "from": "bottlejs@>=1.0.0 <2.0.0",
      "resolved": "https://registry.npmjs.org/bottlejs/-/bottlejs-1.6.1.tgz"
    },
    "chalk": {
      "version": "1.1.3",
      "from": "chalk@>=1.0.0 <2.0.0",
      "resolved": "https://registry.npmjs.org/chalk/-/chalk-1.1.3.tgz"
    },
    "deep-core": {
      "version": "1.12.18",
      "from": "deep-core@>=1.0.0 <2.0.0",
      "resolved": "https://registry.npmjs.org/deep-core/-/deep-core-1.12.18.tgz"
    },
    "deep-di": {
      "version": "1.12.10",
      "from": "deep-di@>=1.0.0 <2.0.0",
      "resolved": "https://registry.npmjs.org/deep-di/-/deep-di-1.12.10.tgz"
    },
    "deep-kernel": {
      "version": "1.12.13",
      "from": "deep-kernel@>=1.0.0 <2.0.0",
      "resolved": "https://registry.npmjs.org/deep-kernel/-/deep-kernel-1.12.13.tgz"
    },
    "elasticsearch": {
      "version": "12.1.3",
      "from": "elasticsearch@>=12.1.0 <13.0.0",
      "resolved": "https://registry.npmjs.org/elasticsearch/-/elasticsearch-12.1.3.tgz"
    },
    "escape-string-regexp": {
      "version": "1.0.5",
      "from": "escape-string-regexp@>=1.0.2 <2.0.0",
      "resolved": "https://registry.npmjs.org/escape-string-regexp/-/escape-string-regexp-1.0.5.tgz"
    },
    "forever-agent": {
      "version": "0.6.1",
      "from": "forever-agent@>=0.6.0 <0.7.0",
      "resolved": "https://registry.npmjs.org/forever-agent/-/forever-agent-0.6.1.tgz"
    },
    "has-ansi": {
      "version": "2.0.0",
      "from": "has-ansi@>=2.0.0 <3.0.0",
      "resolved": "https://registry.npmjs.org/has-ansi/-/has-ansi-2.0.0.tgz"
    },
    "lodash": {
      "version": "4.17.4",
      "from": "lodash@>=4.12.0 <5.0.0",
      "resolved": "https://registry.npmjs.org/lodash/-/lodash-4.17.4.tgz"
    },
    "promise": {
      "version": "7.1.1",
      "from": "promise@>=7.1.1 <8.0.0",
      "resolved": "https://registry.npmjs.org/promise/-/promise-7.1.1.tgz"
    },
    "qs": {
      "version": "5.2.1",
      "from": "qs@>=5.2.0 <6.0.0",
      "resolved": "https://registry.npmjs.org/qs/-/qs-5.2.1.tgz"
    },
    "strip-ansi": {
      "version": "3.0.1",
      "from": "strip-ansi@>=3.0.0 <4.0.0",
      "resolved": "https://registry.npmjs.org/strip-ansi/-/strip-ansi-3.0.1.tgz"
    },
    "supports-color": {
      "version": "2.0.0",
      "from": "supports-color@>=2.0.0 <3.0.0",
      "resolved": "https://registry.npmjs.org/supports-color/-/supports-color-2.0.0.tgz"
    },
    "wait-until": {
      "version": "0.0.2",
      "from": "wait-until@>=0.0.0 <0.1.0",
      "resolved": "https://registry.npmjs.org/wait-until/-/wait-until-0.0.2.tgz"
    }
  }
}
