{
  "name": "deep-db",
  "version": "1.12.19",
  "dependencies": {
    "async": {
      "version": "1.5.2",
      "from": "async@>=1.5.0 <1.6.0",
      "resolved": "https://registry.npmjs.org/async/-/async-1.5.2.tgz"
    },
    "base64-js": {
      "version": "1.2.0",
      "from": "base64-js@>=1.0.2 <2.0.0",
      "resolved": "https://registry.npmjs.org/base64-js/-/base64-js-1.2.0.tgz"
    },
    "bottlejs": {
      "version": "1.6.1",
      "from": "bottlejs@>=1.0.0 <2.0.0",
      "resolved": "https://registry.npmjs.org/bottlejs/-/bottlejs-1.6.1.tgz"
    },
    "buffer": {
      "version": "5.0.6",
      "from": "buffer@5.0.6",
      "resolved": "https://registry.npmjs.org/buffer/-/buffer-5.0.6.tgz"
    },
    "bunyan": {
      "version": "1.5.1",
      "from": "bunyan@>=1.5.0 <1.6.0",
      "resolved": "https://registry.npmjs.org/bunyan/-/bunyan-1.5.1.tgz"
    },
    "crypto-browserify": {
      "version": "1.0.9",
      "from": "crypto-browserify@1.0.9",
      "resolved": "https://registry.npmjs.org/crypto-browserify/-/crypto-browserify-1.0.9.tgz"
    },
    "deep-core": {
      "version": "1.12.18",
      "from": "deep-core@>=1.0.0 <2.0.0",
      "resolved": "https://registry.npmjs.org/deep-core/-/deep-core-1.12.18.tgz"
    },
    "deep-di": {
      "version": "1.12.10",
      "from": "deep-di@>=1.0.0 <2.0.0",
      "resolved": "https://registry.npmjs.org/deep-di/-/deep-di-1.12.10.tgz"
    },
    "deep-kernel": {
      "version": "1.12.13",
      "from": "deep-kernel@>=1.0.0 <2.0.0",
      "resolved": "https://registry.npmjs.org/deep-kernel/-/deep-kernel-1.12.13.tgz"
    },
    "deep-validation": {
      "version": "1.12.13",
      "from": "deep-validation@>=1.0.0 <2.0.0",
      "resolved": "https://registry.npmjs.org/deep-validation/-/deep-validation-1.12.13.tgz"
    },
    "dynamodb-throughput": {
      "version": "0.2.0",
      "from": "dynamodb-throughput@>=0.2.0 <0.3.0",
      "resolved": "https://registry.npmjs.org/dynamodb-throughput/-/dynamodb-throughput-0.2.0.tgz",
      "dependencies": {
        "aws-sdk": {
          "version": "2.58.0",
          "from": "aws-sdk@>=2.1.17 <3.0.0",
          "resolved": "https://registry.npmjs.org/aws-sdk/-/aws-sdk-2.58.0.tgz"
        }
      }
    },
    "hoek": {
      "version": "2.16.3",
      "from": "hoek@>=2.2.0 <3.0.0",
      "resolved": "https://registry.npmjs.org/hoek/-/hoek-2.16.3.tgz"
    },
    "ieee754": {
      "version": "1.1.8",
      "from": "ieee754@>=1.1.4 <2.0.0",
      "resolved": "https://registry.npmjs.org/ieee754/-/ieee754-1.1.8.tgz"
    },
    "isemail": {
      "version": "1.2.0",
      "from": "isemail@>=1.0.0 <2.0.0",
      "resolved": "https://registry.npmjs.org/isemail/-/isemail-1.2.0.tgz"
    },
    "jmespath": {
      "version": "0.15.0",
      "from": "jmespath@0.15.0",
      "resolved": "https://registry.npmjs.org/jmespath/-/jmespath-0.15.0.tgz"
    },
    "joi": {
      "version": "5.1.0",
      "from": "joi@>=5.0.0 <6.0.0",
      "resolved": "https://registry.npmjs.org/joi/-/joi-5.1.0.tgz"
    },
    "lodash": {
      "version": "3.10.1",
      "from": "lodash@>=3.10.0 <3.11.0",
      "resolved": "https://registry.npmjs.org/lodash/-/lodash-3.10.1.tgz"
    },
    "minimist": {
      "version": "1.2.0",
      "from": "minimist@>=1.1.1 <2.0.0",
      "resolved": "https://registry.npmjs.org/minimist/-/minimist-1.2.0.tgz"
    },
    "moment": {
      "version": "2.18.1",
      "from": "moment@>=2.0.0 <3.0.0",
      "resolved": "https://registry.npmjs.org/moment/-/moment-2.18.1.tgz"
    },
    "punycode": {
      "version": "1.3.2",
      "from": "punycode@1.3.2",
      "resolved": "https://registry.npmjs.org/punycode/-/punycode-1.3.2.tgz"
    },
    "qs": {
      "version": "5.2.1",
      "from": "qs@>=5.2.0 <6.0.0",
      "resolved": "https://registry.npmjs.org/qs/-/qs-5.2.1.tgz"
    },
    "querystring": {
      "version": "0.2.0",
      "from": "querystring@0.2.0",
      "resolved": "https://registry.npmjs.org/querystring/-/querystring-0.2.0.tgz"
    },
    "sax": {
      "version": "1.2.1",
      "from": "sax@1.2.1",
      "resolved": "https://registry.npmjs.org/sax/-/sax-1.2.1.tgz"
    },
    "topo": {
      "version": "1.1.0",
      "from": "topo@>=1.0.0 <2.0.0",
      "resolved": "https://registry.npmjs.org/topo/-/topo-1.1.0.tgz"
    },
    "url": {
      "version": "0.10.3",
      "from": "url@0.10.3",
      "resolved": "https://registry.npmjs.org/url/-/url-0.10.3.tgz"
    },
    "uuid": {
      "version": "3.0.1",
      "from": "uuid@>=3.0.0 <3.1.0",
      "resolved": "https://registry.npmjs.org/uuid/-/uuid-3.0.1.tgz"
    },
    "vogels": {
      "version": "2.2.0",
      "from": "mitocgroup/vogels#v2.2.0",
      "resolved": "git://github.com/mitocgroup/vogels.git#dff8d9143cb2300e28427bddb35497c101fb5c23"
    },
    "wait-until": {
      "version": "0.0.2",
      "from": "wait-until@>=0.0.0 <0.1.0",
      "resolved": "https://registry.npmjs.org/wait-until/-/wait-until-0.0.2.tgz"
    },
    "xml2js": {
      "version": "0.4.17",
      "from": "xml2js@0.4.17",
      "resolved": "https://registry.npmjs.org/xml2js/-/xml2js-0.4.17.tgz"
    },
    "xmlbuilder": {
      "version": "4.2.1",
      "from": "xmlbuilder@4.2.1",
      "resolved": "https://registry.npmjs.org/xmlbuilder/-/xmlbuilder-4.2.1.tgz",
      "dependencies": {
        "lodash": {
          "version": "4.17.4",
          "from": "lodash@>=4.0.0 <5.0.0",
          "resolved": "https://registry.npmjs.org/lodash/-/lodash-4.17.4.tgz"
        }
      }
    }
  }
}
